
Microsoft Visual Studio Solution File, Format Version 12.00
# Visual Studio 15
VisualStudioVersion = 15.0.26730.3
MinimumVisualStudioVersion = 10.0.40219.1
Project("{2150E333-8FDC-42A3-9474-1A3956D46DE8}") = "src", "src", "{BD7460C6-FF01-4BD9-9E67-3C8F89F330DA}"
EndProject
Project("{2150E333-8FDC-42A3-9474-1A3956D46DE8}") = "Solution Items", "Solution Items", "{8ECC1B6E-FE95-4F4A-A08D-C1AC7642D2E9}"
EndProject
Project("{9A19103F-16F7-4668-BE54-9A1E7A4F7556}") = "MongoDbCache", "src\MongoDbCache\MongoDbCache.csproj", "{71D72C3E-586C-481E-9D49-B2A37C1E4C01}"
EndProject
Project("{9A19103F-16F7-4668-BE54-9A1E7A4F7556}") = "MongoDbCache.Tests", "src\MongoDbCache.Tests\MongoDbCache.Tests.csproj", "{7F36EE89-88C6-4EA1-B96C-20ABC78C9ACE}"
EndProject
Global
	GlobalSection(SolutionConfigurationPlatforms) = preSolution
		Debug|Any CPU = Debug|Any CPU
		Release|Any CPU = Release|Any CPU
	EndGlobalSection
	GlobalSection(ProjectConfigurationPlatforms) = postSolution
		{71D72C3E-586C-481E-9D49-B2A37C1E4C01}.Debug|Any CPU.ActiveCfg = Debug|Any CPU
		{71D72C3E-586C-481E-9D49-B2A37C1E4C01}.Debug|Any CPU.Build.0 = Debug|Any CPU
		{71D72C3E-586C-481E-9D49-B2A37C1E4C01}.Release|Any CPU.ActiveCfg = Release|Any CPU
		{71D72C3E-586C-481E-9D49-B2A37C1E4C01}.Release|Any CPU.Build.0 = Release|Any CPU
		{7F36EE89-88C6-4EA1-B96C-20ABC78C9ACE}.Debug|Any CPU.ActiveCfg = Debug|Any CPU
		{7F36EE89-88C6-4EA1-B96C-20ABC78C9ACE}.Debug|Any CPU.Build.0 = Debug|Any CPU
		{7F36EE89-88C6-4EA1-B96C-20ABC78C9ACE}.Release|Any CPU.ActiveCfg = Release|Any CPU
		{7F36EE89-88C6-4EA1-B96C-20ABC78C9ACE}.Release|Any CPU.Build.0 = Release|Any CPU
	EndGlobalSection
	GlobalSection(SolutionProperties) = preSolution
		HideSolutionNode = FALSE
	EndGlobalSection
	GlobalSection(NestedProjects) = preSolution
		{71D72C3E-586C-481E-9D49-B2A37C1E4C01} = {BD7460C6-FF01-4BD9-9E67-3C8F89F330DA}
		{7F36EE89-88C6-4EA1-B96C-20ABC78C9ACE} = {BD7460C6-FF01-4BD9-9E67-3C8F89F330DA}
	EndGlobalSection
	GlobalSection(ExtensibilityGlobals) = postSolution
		SolutionGuid = {EA67A687-7751-4EE9-A17E-C911EE052B95}
	EndGlobalSection
EndGlobal
